
Microsoft Visual Studio Solution File, Format Version 12.00
# Visual Studio Version 17
VisualStudioVersion = 17.7.34003.232
MinimumVisualStudioVersion = 10.0.40219.1
Project("{8BC9CEB8-8B4A-11D0-8D11-00A0C91BC942}") = "SocketTcp", "SocketTcp\SocketTcp.vcxproj", "{55DA22EB-27E7-460F-89CE-CBF1A01FDAF2}"
EndProject
Project("{8BC9CEB8-8B4A-11D0-8D11-00A0C91BC942}") = "SocketServer", "SocketServer\SocketServer.vcxproj", "{D331BA18-7982-43F0-B957-463B46EFC689}"
EndProject
Project("{8BC9CEB8-8B4A-11D0-8D11-00A0C91BC942}") = "SocketClient", "SocketClient\SocketClient.vcxproj", "{68CA7F36-F39D-41E7-A522-64342F0799DB}"
EndProject
Global
	GlobalSection(SolutionConfigurationPlatforms) = preSolution
		Debug|x64 = Debug|x64
		Debug|x86 = Debug|x86
		Release|x64 = Release|x64
		Release|x86 = Release|x86
	EndGlobalSection
	GlobalSection(ProjectConfigurationPlatforms) = postSolution
		{55DA22EB-27E7-460F-89CE-CBF1A01FDAF2}.Debug|x64.ActiveCfg = Debug|x64
		{55DA22EB-27E7-460F-89CE-CBF1A01FDAF2}.Debug|x64.Build.0 = Debug|x64
		{55DA22EB-27E7-460F-89CE-CBF1A01FDAF2}.Debug|x86.ActiveCfg = Debug|Win32
		{55DA22EB-27E7-460F-89CE-CBF1A01FDAF2}.Debug|x86.Build.0 = Debug|Win32
		{55DA22EB-27E7-460F-89CE-CBF1A01FDAF2}.Release|x64.ActiveCfg = Release|x64
		{55DA22EB-27E7-460F-89CE-CBF1A01FDAF2}.Release|x64.Build.0 = Release|x64
		{55DA22EB-27E7-460F-89CE-CBF1A01FDAF2}.Release|x86.ActiveCfg = Release|Win32
		{55DA22EB-27E7-460F-89CE-CBF1A01FDAF2}.Release|x86.Build.0 = Release|Win32
		{D331BA18-7982-43F0-B957-463B46EFC689}.Debug|x64.ActiveCfg = Debug|x64
		{D331BA18-7982-43F0-B957-463B46EFC689}.Debug|x64.Build.0 = Debug|x64
		{D331BA18-7982-43F0-B957-463B46EFC689}.Debug|x86.ActiveCfg = Debug|Win32
		{D331BA18-7982-43F0-B957-463B46EFC689}.Debug|x86.Build.0 = Debug|Win32
		{D331BA18-7982-43F0-B957-463B46EFC689}.Release|x64.ActiveCfg = Release|x64
		{D331BA18-7982-43F0-B957-463B46EFC689}.Release|x64.Build.0 = Release|x64
		{D331BA18-7982-43F0-B957-463B46EFC689}.Release|x86.ActiveCfg = Release|Win32
		{D331BA18-7982-43F0-B957-463B46EFC689}.Release|x86.Build.0 = Release|Win32
		{68CA7F36-F39D-41E7-A522-64342F0799DB}.Debug|x64.ActiveCfg = Debug|x64
		{68CA7F36-F39D-41E7-A522-64342F0799DB}.Debug|x64.Build.0 = Debug|x64
		{68CA7F36-F39D-41E7-A522-64342F0799DB}.Debug|x86.ActiveCfg = Debug|Win32
		{68CA7F36-F39D-41E7-A522-64342F0799DB}.Debug|x86.Build.0 = Debug|Win32
		{68CA7F36-F39D-41E7-A522-64342F0799DB}.Release|x64.ActiveCfg = Release|x64
		{68CA7F36-F39D-41E7-A522-64342F0799DB}.Release|x64.Build.0 = Release|x64
		{68CA7F36-F39D-41E7-A522-64342F0799DB}.Release|x86.ActiveCfg = Release|Win32
		{68CA7F36-F39D-41E7-A522-64342F0799DB}.Release|x86.Build.0 = Release|Win32
	EndGlobalSection
	GlobalSection(SolutionProperties) = preSolution
		HideSolutionNode = FALSE
	EndGlobalSection
	GlobalSection(ExtensibilityGlobals) = postSolution
		SolutionGuid = {FE5E4FE1-DC52-4FB6-BDD7-CC4F363DF169}
	EndGlobalSection
EndGlobal
